// !$*UTF8*$!
{
	archiveVersion = 1;
	classes = {
	};
	objectVersion = 46;
	objects = {

/* Begin PBXBuildFile section */
		787712941A939A11003D63D2 /* main.m in Sources */ = {isa = PBXBuildFile; fileRef = 787712931A939A11003D63D2 /* main.m */; };
		787712971A939A11003D63D2 /* AppDelegate.m in Sources */ = {isa = PBXBuildFile; fileRef = 787712961A939A11003D63D2 /* AppDelegate.m */; };
		7877129F1A939A11003D63D2 /* Images.xcassets in Resources */ = {isa = PBXBuildFile; fileRef = 7877129E1A939A11003D63D2 /* Images.xcassets */; };
		787712AE1A939A11003D63D2 /* HypnoNerdTests.m in Sources */ = {isa = PBXBuildFile; fileRef = 787712AD1A939A11003D63D2 /* HypnoNerdTests.m */; };
		787712BC1A939B35003D63D2 /* BNRHypnosisView.m in Sources */ = {isa = PBXBuildFile; fileRef = 787712BB1A939B35003D63D2 /* BNRHypnosisView.m */; };
		787712BF1A939B8A003D63D2 /* BNRHypnosisViewController.m in Sources */ = {isa = PBXBuildFile; fileRef = 787712BE1A939B8A003D63D2 /* BNRHypnosisViewController.m */; };
		787712C21A93A1BC003D63D2 /* BNRReminderViewController.m in Sources */ = {isa = PBXBuildFile; fileRef = 787712C11A93A1BC003D63D2 /* BNRReminderViewController.m */; };
		787712C41A93A360003D63D2 /* BNRReminderViewController.xib in Resources */ = {isa = PBXBuildFile; fileRef = 787712C31A93A360003D63D2 /* BNRReminderViewController.xib */; };
		787712C61A93A38E003D63D2 /* Default-568h@2x.png in Resources */ = {isa = PBXBuildFile; fileRef = 787712C51A93A38E003D63D2 /* Default-568h@2x.png */; };
/* End PBXBuildFile section */

/* Begin PBXContainerItemProxy section */
		787712A81A939A11003D63D2 /* PBXContainerItemProxy */ = {
			isa = PBXContainerItemProxy;
			containerPortal = 787712861A939A11003D63D2 /* Project object */;
			proxyType = 1;
			remoteGlobalIDString = 7877128D1A939A11003D63D2;
			remoteInfo = HypnoNerd;
		};
/* End PBXContainerItemProxy section */

/* Begin PBXFileReference section */
		7877128E1A939A11003D63D2 /* HypnoNerd.app */ = {isa = PBXFileReference; explicitFileType = wrapper.application; includeInIndex = 0; path = HypnoNerd.app; sourceTree = BUILT_PRODUCTS_DIR; };
		787712921A939A11003D63D2 /* Info.plist */ = {isa = PBXFileReference; lastKnownFileType = text.plist.xml; path = Info.plist; sourceTree = "<group>"; };
		787712931A939A11003D63D2 /* main.m */ = {isa = PBXFileReference; lastKnownFileType = sourcecode.c.objc; path = main.m; sourceTree = "<group>"; };
		787712951A939A11003D63D2 /* AppDelegate.h */ = {isa = PBXFileReference; lastKnownFileType = sourcecode.c.h; path = AppDelegate.h; sourceTree = "<group>"; };
		787712961A939A11003D63D2 /* AppDelegate.m */ = {isa = PBXFileReference; lastKnownFileType = sourcecode.c.objc; path = AppDelegate.m; sourceTree = "<group>"; };
		7877129E1A939A11003D63D2 /* Images.xcassets */ = {isa = PBXFileReference; lastKnownFileType = folder.assetcatalog; path = Images.xcassets; sourceTree = "<group>"; };
		787712A71A939A11003D63D2 /* HypnoNerdTests.xctest */ = {isa = PBXFileReference; explicitFileType = wrapper.cfbundle; includeInIndex = 0; path = HypnoNerdTests.xctest; sourceTree = BUILT_PRODUCTS_DIR; };
		787712AC1A939A11003D63D2 /* Info.plist */ = {isa = PBXFileReference; lastKnownFileType = text.plist.xml; path = Info.plist; sourceTree = "<group>"; };
		787712AD1A939A11003D63D2 /* HypnoNerdTests.m */ = {isa = PBXFileReference; lastKnownFileType = sourcecode.c.objc; path = HypnoNerdTests.m; sourceTree = "<group>"; };
		787712BA1A939B35003D63D2 /* BNRHypnosisView.h */ = {isa = PBXFileReference; fileEncoding = 4; lastKnownFileType = sourcecode.c.h; path = BNRHypnosisView.h; sourceTree = "<group>"; };
		787712BB1A939B35003D63D2 /* BNRHypnosisView.m */ = {isa = PBXFileReference; fileEncoding = 4; lastKnownFileType = sourcecode.c.objc; path = BNRHypnosisView.m; sourceTree = "<group>"; };
		787712BD1A939B8A003D63D2 /* BNRHypnosisViewController.h */ = {isa = PBXFileReference; fileEncoding = 4; lastKnownFileType = sourcecode.c.h; path = BNRHypnosisViewController.h; sourceTree = "<group>"; };
		787712BE1A939B8A003D63D2 /* BNRHypnosisViewController.m */ = {isa = PBXFileReference; fileEncoding = 4; lastKnownFileType = sourcecode.c.objc; path = BNRHypnosisViewController.m; sourceTree = "<group>"; };
		787712C01A93A1BC003D63D2 /* BNRReminderViewController.h */ = {isa = PBXFileReference; fileEncoding = 4; lastKnownFileType = sourcecode.c.h; path = BNRReminderViewController.h; sourceTree = "<group>"; };
		787712C11A93A1BC003D63D2 /* BNRReminderViewController.m */ = {isa = PBXFileReference; fileEncoding = 4; lastKnownFileType = sourcecode.c.objc; path = BNRReminderViewController.m; sourceTree = "<group>"; };
		787712C31A93A360003D63D2 /* BNRReminderViewController.xib */ = {isa = PBXFileReference; fileEncoding = 4; lastKnownFileType = file.xib; path = BNRReminderViewController.xib; sourceTree = "<group>"; };
		787712C51A93A38E003D63D2 /* Default-568h@2x.png */ = {isa = PBXFileReference; lastKnownFileType = image.png; path = "Default-568h@2x.png"; sourceTree = "<group>"; };
/* End PBXFileReference section */

/* Begin PBXFrameworksBuildPhase section */
		7877128B1A939A11003D63D2 /* Frameworks */ = {
			isa = PBXFrameworksBuildPhase;
			buildActionMask = 2147483647;
			files = (
			);
			runOnlyForDeploymentPostprocessing = 0;
		};
		787712A41A939A11003D63D2 /* Frameworks */ = {
			isa = PBXFrameworksBuildPhase;
			buildActionMask = 2147483647;
			files = (
			);
			runOnlyForDeploymentPostprocessing = 0;
		};
/* End PBXFrameworksBuildPhase section */

/* Begin PBXGroup section */
		787712851A939A11003D63D2 = {
			isa = PBXGroup;
			children = (
				787712C51A93A38E003D63D2 /* Default-568h@2x.png */,
				787712901A939A11003D63D2 /* HypnoNerd */,
				787712AA1A939A11003D63D2 /* HypnoNerdTests */,
				7877128F1A939A11003D63D2 /* Products */,
			);
			sourceTree = "<group>";
		};
		7877128F1A939A11003D63D2 /* Products */ = {
			isa = PBXGroup;
			children = (
				7877128E1A939A11003D63D2 /* HypnoNerd.app */,
				787712A71A939A11003D63D2 /* HypnoNerdTests.xctest */,
			);
			name = Products;
			sourceTree = "<group>";
		};
		787712901A939A11003D63D2 /* HypnoNerd */ = {
			isa = PBXGroup;
			children = (
				787712C01A93A1BC003D63D2 /* BNRReminderViewController.h */,
				787712C11A93A1BC003D63D2 /* BNRReminderViewController.m */,
				787712C31A93A360003D63D2 /* BNRReminderViewController.xib */,
				787712BD1A939B8A003D63D2 /* BNRHypnosisViewController.h */,
				787712BE1A939B8A003D63D2 /* BNRHypnosisViewController.m */,
				787712BA1A939B35003D63D2 /* BNRHypnosisView.h */,
				787712BB1A939B35003D63D2 /* BNRHypnosisView.m */,
				787712951A939A11003D63D2 /* AppDelegate.h */,
				787712961A939A11003D63D2 /* AppDelegate.m */,
				7877129E1A939A11003D63D2 /* Images.xcassets */,
				787712911A939A11003D63D2 /* Supporting Files */,
			);
			path = HypnoNerd;
			sourceTree = "<group>";
		};
		787712911A939A11003D63D2 /* Supporting Files */ = {
			isa = PBXGroup;
			children = (
				787712921A939A11003D63D2 /* Info.plist */,
				787712931A939A11003D63D2 /* main.m */,
			);
			name = "Supporting Files";
			sourceTree = "<group>";
		};
		787712AA1A939A11003D63D2 /* HypnoNerdTests */ = {
			isa = PBXGroup;
			children = (
				787712AD1A939A11003D63D2 /* HypnoNerdTests.m */,
				787712AB1A939A11003D63D2 /* Supporting Files */,
			);
			path = HypnoNerdTests;
			sourceTree = "<group>";
		};
		787712AB1A939A11003D63D2 /* Supporting Files */ = {
			isa = PBXGroup;
			children = (
				787712AC1A939A11003D63D2 /* Info.plist */,
			);
			name = "Supporting Files";
			sourceTree = "<group>";
		};
/* End PBXGroup section */

/* Begin PBXNativeTarget section */
		7877128D1A939A11003D63D2 /* HypnoNerd */ = {
			isa = PBXNativeTarget;
			buildConfigurationList = 787712B11A939A11003D63D2 /* Build configuration list for PBXNativeTarget "HypnoNerd" */;
			buildPhases = (
				7877128A1A939A11003D63D2 /* Sources */,
				7877128B1A939A11003D63D2 /* Frameworks */,
				7877128C1A939A11003D63D2 /* Resources */,
			);
			buildRules = (
			);
			dependencies = (
			);
			name = HypnoNerd;
			productName = HypnoNerd;
			productReference = 7877128E1A939A11003D63D2 /* HypnoNerd.app */;
			productType = "com.apple.product-type.application";
		};
		787712A61A939A11003D63D2 /* HypnoNerdTests */ = {
			isa = PBXNativeTarget;
			buildConfigurationList = 787712B41A939A11003D63D2 /* Build configuration list for PBXNativeTarget "HypnoNerdTests" */;
			buildPhases = (
				787712A31A939A11003D63D2 /* Sources */,
				787712A41A939A11003D63D2 /* Frameworks */,
				787712A51A939A11003D63D2 /* Resources */,
			);
			buildRules = (
			);
			dependencies = (
				787712A91A939A11003D63D2 /* PBXTargetDependency */,
			);
			name = HypnoNerdTests;
			productName = HypnoNerdTests;
			productReference = 787712A71A939A11003D63D2 /* HypnoNerdTests.xctest */;
			productType = "com.apple.product-type.bundle.unit-test";
		};
/* End PBXNativeTarget section */

/* Begin PBXProject section */
		787712861A939A11003D63D2 /* Project object */ = {
			isa = PBXProject;
			attributes = {
				LastUpgradeCheck = 0610;
				ORGANIZATIONNAME = "Pearl-Labs";
				TargetAttributes = {
					7877128D1A939A11003D63D2 = {
						CreatedOnToolsVersion = 6.1.1;
					};
					787712A61A939A11003D63D2 = {
						CreatedOnToolsVersion = 6.1.1;
						TestTargetID = 7877128D1A939A11003D63D2;
					};
				};
			};
			buildConfigurationList = 787712891A939A11003D63D2 /* Build configuration list for PBXProject "HypnoNerd" */;
			compatibilityVersion = "Xcode 3.2";
			developmentRegion = English;
			hasScannedForEncodings = 0;
			knownRegions = (
				en,
				Base,
			);
			mainGroup = 787712851A939A11003D63D2;
			productRefGroup = 7877128F1A939A11003D63D2 /* Products */;
			projectDirPath = "";
			projectRoot = "";
			targets = (
				7877128D1A939A11003D63D2 /* HypnoNerd */,
				787712A61A939A11003D63D2 /* HypnoNerdTests */,
			);
		};
/* End PBXProject section */

/* Begin PBXResourcesBuildPhase section */
		7877128C1A939A11003D63D2 /* Resources */ = {
			isa = PBXResourcesBuildPhase;
			buildActionMask = 2147483647;
			files = (
				7877129F1A939A11003D63D2 /* Images.xcassets in Resources */,
				787712C41A93A360003D63D2 /* BNRReminderViewController.xib in Resources */,
				787712C61A93A38E003D63D2 /* Default-568h@2x.png in Resources */,
			);
			runOnlyForDeploymentPostprocessing = 0;
		};
		787712A51A939A11003D63D2 /* Resources */ = {
			isa = PBXResourcesBuildPhase;
			buildActionMask = 2147483647;
			files = (
			);
			runOnlyForDeploymentPostprocessing = 0;
		};
/* End PBXResourcesBuildPhase section */

/* Begin PBXSourcesBuildPhase section */
		7877128A1A939A11003D63D2 /* Sources */ = {
			isa = PBXSourcesBuildPhase;
			buildActionMask = 2147483647;
			files = (
				787712BF1A939B8A003D63D2 /* BNRHypnosisViewController.m in Sources */,
				787712971A939A11003D63D2 /* AppDelegate.m in Sources */,
				787712941A939A11003D63D2 /* main.m in Sources */,
				787712C21A93A1BC003D63D2 /* BNRReminderViewController.m in Sources */,
				787712BC1A939B35003D63D2 /* BNRHypnosisView.m in Sources */,
			);
			runOnlyForDeploymentPostprocessing = 0;
		};
		787712A31A939A11003D63D2 /* Sources */ = {
			isa = PBXSourcesBuildPhase;
			buildActionMask = 2147483647;
			files = (
				787712AE1A939A11003D63D2 /* HypnoNerdTests.m in Sources */,
			);
			runOnlyForDeploymentPostprocessing = 0;
		};
/* End PBXSourcesBuildPhase section */

/* Begin PBXTargetDependency section */
		787712A91A939A11003D63D2 /* PBXTargetDependency */ = {
			isa = PBXTargetDependency;
			target = 7877128D1A939A11003D63D2 /* HypnoNerd */;
			targetProxy = 787712A81A939A11003D63D2 /* PBXContainerItemProxy */;
		};
/* End PBXTargetDependency section */

/* Begin XCBuildConfiguration section */
		787712AF1A939A11003D63D2 /* Debug */ = {
			isa = XCBuildConfiguration;
			buildSettings = {
				ALWAYS_SEARCH_USER_PATHS = NO;
				CLANG_CXX_LANGUAGE_STANDARD = "gnu++0x";
				CLANG_CXX_LIBRARY = "libc++";
				CLANG_ENABLE_MODULES = YES;
				CLANG_ENABLE_OBJC_ARC = YES;
				CLANG_WARN_BOOL_CONVERSION = YES;
				CLANG_WARN_CONSTANT_CONVERSION = YES;
				CLANG_WARN_DIRECT_OBJC_ISA_USAGE = YES_ERROR;
				CLANG_WARN_EMPTY_BODY = YES;
				CLANG_WARN_ENUM_CONVERSION = YES;
				CLANG_WARN_INT_CONVERSION = YES;
				CLANG_WARN_OBJC_ROOT_CLASS = YES_ERROR;
				CLANG_WARN_UNREACHABLE_CODE = YES;
				CLANG_WARN__DUPLICATE_METHOD_MATCH = YES;
				"CODE_SIGN_IDENTITY[sdk=iphoneos*]" = "iPhone Developer";
				COPY_PHASE_STRIP = NO;
				ENABLE_STRICT_OBJC_MSGSEND = YES;
				GCC_C_LANGUAGE_STANDARD = gnu99;
				GCC_DYNAMIC_NO_PIC = NO;
				GCC_OPTIMIZATION_LEVEL = 0;
				GCC_PREPROCESSOR_DEFINITIONS = (
					"DEBUG=1",
					"$(inherited)",
				);
				GCC_SYMBOLS_PRIVATE_EXTERN = NO;
				GCC_WARN_64_TO_32_BIT_CONVERSION = YES;
				GCC_WARN_ABOUT_RETURN_TYPE = YES_ERROR;
				GCC_WARN_UNDECLARED_SELECTOR = YES;
				GCC_WARN_UNINITIALIZED_AUTOS = YES_AGGRESSIVE;
				GCC_WARN_UNUSED_FUNCTION = YES;
				GCC_WARN_UNUSED_VARIABLE = YES;
				IPHONEOS_DEPLOYMENT_TARGET = 8.1;
				MTL_ENABLE_DEBUG_INFO = YES;
				ONLY_ACTIVE_ARCH = YES;
				SDKROOT = iphoneos;
			};
			name = Debug;
		};
		787712B01A939A11003D63D2 /* Release */ = {
			isa = XCBuildConfiguration;
			buildSettings = {
				ALWAYS_SEARCH_USER_PATHS = NO;
				CLANG_CXX_LANGUAGE_STANDARD = "gnu++0x";
				CLANG_CXX_LIBRARY = "libc++";
				CLANG_ENABLE_MODULES = YES;
				CLANG_ENABLE_OBJC_ARC = YES;
				CLANG_WARN_BOOL_CONVERSION = YES;
				CLANG_WARN_CONSTANT_CONVERSION = YES;
				CLANG_WARN_DIRECT_OBJC_ISA_USAGE = YES_ERROR;
				CLANG_WARN_EMPTY_BODY = YES;
				CLANG_WARN_ENUM_CONVERSION = YES;
				CLANG_WARN_INT_CONVERSION = YES;
				CLANG_WARN_OBJC_ROOT_CLASS = YES_ERROR;
				CLANG_WARN_UNREACHABLE_CODE = YES;
				CLANG_WARN__DUPLICATE_METHOD_MATCH = YES;
				"CODE_SIGN_IDENTITY[sdk=iphoneos*]" = "iPhone Developer";
				COPY_PHASE_STRIP = YES;
				ENABLE_NS_ASSERTIONS = NO;
				ENABLE_STRICT_OBJC_MSGSEND = YES;
				GCC_C_LANGUAGE_STANDARD = gnu99;
				GCC_WARN_64_TO_32_BIT_CONVERSION = YES;
				GCC_WARN_ABOUT_RETURN_TYPE = YES_ERROR;
				GCC_WARN_UNDECLARED_SELECTOR = YES;
				GCC_WARN_UNINITIALIZED_AUTOS = YES_AGGRESSIVE;
				GCC_WARN_UNUSED_FUNCTION = YES;
				GCC_WARN_UNUSED_VARIABLE = YES;
				IPHONEOS_DEPLOYMENT_TARGET = 8.1;
				MTL_ENABLE_DEBUG_INFO = NO;
				SDKROOT = iphoneos;
				VALIDATE_PRODUCT = YES;
			};
			name = Release;
		};
		787712B21A939A11003D63D2 /* Debug */ = {
			isa = XCBuildConfiguration;
			buildSettings = {
				ASSETCATALOG_COMPILER_APPICON_NAME = AppIcon;
				INFOPLIST_FILE = HypnoNerd/Info.plist;
				LD_RUNPATH_SEARCH_PATHS = "$(inherited) @executable_path/Frameworks";
				PRODUCT_NAME = "$(TARGET_NAME)";
			};
			name = Debug;
		};
		787712B31A939A11003D63D2 /* Release */ = {
			isa = XCBuildConfiguration;
			buildSettings = {
				ASSETCATALOG_COMPILER_APPICON_NAME = AppIcon;
				INFOPLIST_FILE = HypnoNerd/Info.plist;
				LD_RUNPATH_SEARCH_PATHS = "$(inherited) @executable_path/Frameworks";
				PRODUCT_NAME = "$(TARGET_NAME)";
			};
			name = Release;
		};
		787712B51A939A11003D63D2 /* Debug */ = {
			isa = XCBuildConfiguration;
			buildSettings = {
				BUNDLE_LOADER = "$(TEST_HOST)";
				FRAMEWORK_SEARCH_PATHS = (
					"$(SDKROOT)/Developer/Library/Frameworks",
					"$(inherited)",
				);
				GCC_PREPROCESSOR_DEFINITIONS = (
					"DEBUG=1",
					"$(inherited)",
				);
				INFOPLIST_FILE = HypnoNerdTests/Info.plist;
				LD_RUNPATH_SEARCH_PATHS = "$(inherited) @executable_path/Frameworks @loader_path/Frameworks";
				PRODUCT_NAME = "$(TARGET_NAME)";
				TEST_HOST = "$(BUILT_PRODUCTS_DIR)/HypnoNerd.app/HypnoNerd";
			};
			name = Debug;
		};
		787712B61A939A11003D63D2 /* Release */ = {
			isa = XCBuildConfiguration;
			buildSettings = {
				BUNDLE_LOADER = "$(TEST_HOST)";
				FRAMEWORK_SEARCH_PATHS = (
					"$(SDKROOT)/Developer/Library/Frameworks",
					"$(inherited)",
				);
				INFOPLIST_FILE = HypnoNerdTests/Info.plist;
				LD_RUNPATH_SEARCH_PATHS = "$(inherited) @executable_path/Frameworks @loader_path/Frameworks";
				PRODUCT_NAME = "$(TARGET_NAME)";
				TEST_HOST = "$(BUILT_PRODUCTS_DIR)/HypnoNerd.app/HypnoNerd";
			};
			name = Release;
		};
/* End XCBuildConfiguration section */

/* Begin XCConfigurationList section */
		787712891A939A11003D63D2 /* Build configuration list for PBXProject "HypnoNerd" */ = {
			isa = XCConfigurationList;
			buildConfigurations = (
				787712AF1A939A11003D63D2 /* Debug */,
				787712B01A939A11003D63D2 /* Release */,
			);
			defaultConfigurationIsVisible = 0;
			defaultConfigurationName = Release;
		};
		787712B11A939A11003D63D2 /* Build configuration list for PBXNativeTarget "HypnoNerd" */ = {
			isa = XCConfigurationList;
			buildConfigurations = (
				787712B21A939A11003D63D2 /* Debug */,
				787712B31A939A11003D63D2 /* Release */,
			);
			defaultConfigurationIsVisible = 0;
		};
		787712B41A939A11003D63D2 /* Build configuration list for PBXNativeTarget "HypnoNerdTests" */ = {
			isa = XCConfigurationList;
			buildConfigurations = (
				787712B51A939A11003D63D2 /* Debug */,
				787712B61A939A11003D63D2 /* Release */,
			);
			defaultConfigurationIsVisible = 0;
		};
/* End XCConfigurationList section */
	};
	rootObject = 787712861A939A11003D63D2 /* Project object */;
}
